
Microsoft Visual Studio Solution File, Format Version 12.00
# Visual Studio Version 17
VisualStudioVersion = 17.1.32414.318
MinimumVisualStudioVersion = 10.0.40219.1
Project("{FAE04EC0-301F-11D3-BF4B-00C04F79EFBC}") = "SkipSplashScreens", "SkipSplashScreens.csproj", "{80023D0F-F605-4DB7-81E2-782EB0805FAC}"
EndProject
Global
	GlobalSection(SolutionConfigurationPlatforms) = preSolution
		Debug|Any CPU = Debug|Any CPU
		Release|Any CPU = Release|Any CPU
	EndGlobalSection
	GlobalSection(ProjectConfigurationPlatforms) = postSolution
		{80023D0F-F605-4DB7-81E2-782EB0805FAC}.Debug|Any CPU.ActiveCfg = Debug|Any CPU
		{80023D0F-F605-4DB7-81E2-782EB0805FAC}.Debug|Any CPU.Build.0 = Debug|Any CPU
		{80023D0F-F605-4DB7-81E2-782EB0805FAC}.Release|Any CPU.ActiveCfg = Release|Any CPU
		{80023D0F-F605-4DB7-81E2-782EB0805FAC}.Release|Any CPU.Build.0 = Release|Any CPU
	EndGlobalSection
	GlobalSection(SolutionProperties) = preSolution
		HideSolutionNode = FALSE
	EndGlobalSection
	GlobalSection(ExtensibilityGlobals) = postSolution
		SolutionGuid = {2475F503-6D8D-4350-AAF1-3A7E4811D3FC}
	EndGlobalSection
EndGlobal
